// !$*UTF8*$!
{
	archiveVersion = 1;
	classes = {
	};
	objectVersion = 52;
	objects = {

/* Begin PBXBuildFile section */
		7802EBFB25881EDF00973292 /* SherwoodSwiftUIApp.swift in Sources */ = {isa = PBXBuildFile; fileRef = 7802EBFA25881EDF00973292 /* SherwoodSwiftUIApp.swift */; };
		7802EBFD25881EDF00973292 /* HomeView.swift in Sources */ = {isa = PBXBuildFile; fileRef = 7802EBFC25881EDF00973292 /* HomeView.swift */; };
		7802EBFF25881EE300973292 /* Assets.xcassets in Resources */ = {isa = PBXBuildFile; fileRef = 7802EBFE25881EE300973292 /* Assets.xcassets */; };
		7802EC0225881EE300973292 /* Preview Assets.xcassets in Resources */ = {isa = PBXBuildFile; fileRef = 7802EC0125881EE300973292 /* Preview Assets.xcassets */; };
		7802EC0D25881EE400973292 /* SherwoodSwiftUITests.swift in Sources */ = {isa = PBXBuildFile; fileRef = 7802EC0C25881EE400973292 /* SherwoodSwiftUITests.swift */; };
		7802EC1825881EE400973292 /* SherwoodSwiftUIUITests.swift in Sources */ = {isa = PBXBuildFile; fileRef = 7802EC1725881EE400973292 /* SherwoodSwiftUIUITests.swift */; };
		786BD200258AB4250009BA9E /* KingfisherSwiftUI in Frameworks */ = {isa = PBXBuildFile; productRef = 786BD1FF258AB4250009BA9E /* KingfisherSwiftUI */; };
		789E08DA258EA43D005AF770 /* ListingResult.swift in Sources */ = {isa = PBXBuildFile; fileRef = 789E08D9258EA43D005AF770 /* ListingResult.swift */; };
/* End PBXBuildFile section */

/* Begin PBXContainerItemProxy section */
		7802EC0925881EE400973292 /* PBXContainerItemProxy */ = {
			isa = PBXContainerItemProxy;
			containerPortal = 7802EBEF25881EDE00973292 /* Project object */;
			proxyType = 1;
			remoteGlobalIDString = 7802EBF625881EDF00973292;
			remoteInfo = SherwoodSwiftUI;
		};
		7802EC1425881EE400973292 /* PBXContainerItemProxy */ = {
			isa = PBXContainerItemProxy;
			containerPortal = 7802EBEF25881EDE00973292 /* Project object */;
			proxyType = 1;
			remoteGlobalIDString = 7802EBF625881EDF00973292;
			remoteInfo = SherwoodSwiftUI;
		};
/* End PBXContainerItemProxy section */

/* Begin PBXCopyFilesBuildPhase section */
		786BD1F7258AB3460009BA9E /* Embed Frameworks */ = {
			isa = PBXCopyFilesBuildPhase;
			buildActionMask = 2147483647;
			dstPath = "";
			dstSubfolderSpec = 10;
			files = (
			);
			name = "Embed Frameworks";
			runOnlyForDeploymentPostprocessing = 0;
		};
/* End PBXCopyFilesBuildPhase section */

/* Begin PBXFileReference section */
		7802EBF725881EDF00973292 /* SherwoodSwiftUI.app */ = {isa = PBXFileReference; explicitFileType = wrapper.application; includeInIndex = 0; path = SherwoodSwiftUI.app; sourceTree = BUILT_PRODUCTS_DIR; };
		7802EBFA25881EDF00973292 /* SherwoodSwiftUIApp.swift */ = {isa = PBXFileReference; lastKnownFileType = sourcecode.swift; path = SherwoodSwiftUIApp.swift; sourceTree = "<group>"; };
		7802EBFC25881EDF00973292 /* HomeView.swift */ = {isa = PBXFileReference; lastKnownFileType = sourcecode.swift; path = HomeView.swift; sourceTree = "<group>"; };
		7802EBFE25881EE300973292 /* Assets.xcassets */ = {isa = PBXFileReference; lastKnownFileType = folder.assetcatalog; path = Assets.xcassets; sourceTree = "<group>"; };
		7802EC0125881EE300973292 /* Preview Assets.xcassets */ = {isa = PBXFileReference; lastKnownFileType = folder.assetcatalog; path = "Preview Assets.xcassets"; sourceTree = "<group>"; };
		7802EC0325881EE300973292 /* Info.plist */ = {isa = PBXFileReference; lastKnownFileType = text.plist.xml; path = Info.plist; sourceTree = "<group>"; };
		7802EC0825881EE400973292 /* SherwoodSwiftUITests.xctest */ = {isa = PBXFileReference; explicitFileType = wrapper.cfbundle; includeInIndex = 0; path = SherwoodSwiftUITests.xctest; sourceTree = BUILT_PRODUCTS_DIR; };
		7802EC0C25881EE400973292 /* SherwoodSwiftUITests.swift */ = {isa = PBXFileReference; lastKnownFileType = sourcecode.swift; path = SherwoodSwiftUITests.swift; sourceTree = "<group>"; };
		7802EC0E25881EE400973292 /* Info.plist */ = {isa = PBXFileReference; lastKnownFileType = text.plist.xml; path = Info.plist; sourceTree = "<group>"; };
		7802EC1325881EE400973292 /* SherwoodSwiftUIUITests.xctest */ = {isa = PBXFileReference; explicitFileType = wrapper.cfbundle; includeInIndex = 0; path = SherwoodSwiftUIUITests.xctest; sourceTree = BUILT_PRODUCTS_DIR; };
		7802EC1725881EE400973292 /* SherwoodSwiftUIUITests.swift */ = {isa = PBXFileReference; lastKnownFileType = sourcecode.swift; path = SherwoodSwiftUIUITests.swift; sourceTree = "<group>"; };
		7802EC1925881EE400973292 /* Info.plist */ = {isa = PBXFileReference; lastKnownFileType = text.plist.xml; path = Info.plist; sourceTree = "<group>"; };
		789E08D9258EA43D005AF770 /* ListingResult.swift */ = {isa = PBXFileReference; lastKnownFileType = sourcecode.swift; path = ListingResult.swift; sourceTree = "<group>"; };
/* End PBXFileReference section */

/* Begin PBXFrameworksBuildPhase section */
		7802EBF425881EDF00973292 /* Frameworks */ = {
			isa = PBXFrameworksBuildPhase;
			buildActionMask = 2147483647;
			files = (
				786BD200258AB4250009BA9E /* KingfisherSwiftUI in Frameworks */,
			);
			runOnlyForDeploymentPostprocessing = 0;
		};
		7802EC0525881EE400973292 /* Frameworks */ = {
			isa = PBXFrameworksBuildPhase;
			buildActionMask = 2147483647;
			files = (
			);
			runOnlyForDeploymentPostprocessing = 0;
		};
		7802EC1025881EE400973292 /* Frameworks */ = {
			isa = PBXFrameworksBuildPhase;
			buildActionMask = 2147483647;
			files = (
			);
			runOnlyForDeploymentPostprocessing = 0;
		};
/* End PBXFrameworksBuildPhase section */

/* Begin PBXGroup section */
		7802EBEE25881EDE00973292 = {
			isa = PBXGroup;
			children = (
				7802EBF925881EDF00973292 /* SherwoodSwiftUI */,
				7802EC0B25881EE400973292 /* SherwoodSwiftUITests */,
				7802EC1625881EE400973292 /* SherwoodSwiftUIUITests */,
				7802EBF825881EDF00973292 /* Products */,
			);
			sourceTree = "<group>";
		};
		7802EBF825881EDF00973292 /* Products */ = {
			isa = PBXGroup;
			children = (
				7802EBF725881EDF00973292 /* SherwoodSwiftUI.app */,
				7802EC0825881EE400973292 /* SherwoodSwiftUITests.xctest */,
				7802EC1325881EE400973292 /* SherwoodSwiftUIUITests.xctest */,
			);
			name = Products;
			sourceTree = "<group>";
		};
		7802EBF925881EDF00973292 /* SherwoodSwiftUI */ = {
			isa = PBXGroup;
			children = (
				7802EBFA25881EDF00973292 /* SherwoodSwiftUIApp.swift */,
				7802EBFC25881EDF00973292 /* HomeView.swift */,
				7802EBFE25881EE300973292 /* Assets.xcassets */,
				7802EC0325881EE300973292 /* Info.plist */,
				7802EC0025881EE300973292 /* Preview Content */,
				789E08D9258EA43D005AF770 /* ListingResult.swift */,
			);
			path = SherwoodSwiftUI;
			sourceTree = "<group>";
		};
		7802EC0025881EE300973292 /* Preview Content */ = {
			isa = PBXGroup;
			children = (
				7802EC0125881EE300973292 /* Preview Assets.xcassets */,
			);
			path = "Preview Content";
			sourceTree = "<group>";
		};
		7802EC0B25881EE400973292 /* SherwoodSwiftUITests */ = {
			isa = PBXGroup;
			children = (
				7802EC0C25881EE400973292 /* SherwoodSwiftUITests.swift */,
				7802EC0E25881EE400973292 /* Info.plist */,
			);
			path = SherwoodSwiftUITests;
			sourceTree = "<group>";
		};
		7802EC1625881EE400973292 /* SherwoodSwiftUIUITests */ = {
			isa = PBXGroup;
			children = (
				7802EC1725881EE400973292 /* SherwoodSwiftUIUITests.swift */,
				7802EC1925881EE400973292 /* Info.plist */,
			);
			path = SherwoodSwiftUIUITests;
			sourceTree = "<group>";
		};
/* End PBXGroup section */

/* Begin PBXNativeTarget section */
		7802EBF625881EDF00973292 /* SherwoodSwiftUI */ = {
			isa = PBXNativeTarget;
			buildConfigurationList = 7802EC1C25881EE400973292 /* Build configuration list for PBXNativeTarget "SherwoodSwiftUI" */;
			buildPhases = (
				7802EBF325881EDF00973292 /* Sources */,
				7802EBF425881EDF00973292 /* Frameworks */,
				7802EBF525881EDF00973292 /* Resources */,
				786BD1F7258AB3460009BA9E /* Embed Frameworks */,
			);
			buildRules = (
			);
			dependencies = (
			);
			name = SherwoodSwiftUI;
			packageProductDependencies = (
				786BD1FF258AB4250009BA9E /* KingfisherSwiftUI */,
			);
			productName = SherwoodSwiftUI;
			productReference = 7802EBF725881EDF00973292 /* SherwoodSwiftUI.app */;
			productType = "com.apple.product-type.application";
		};
		7802EC0725881EE400973292 /* SherwoodSwiftUITests */ = {
			isa = PBXNativeTarget;
			buildConfigurationList = 7802EC1F25881EE400973292 /* Build configuration list for PBXNativeTarget "SherwoodSwiftUITests" */;
			buildPhases = (
				7802EC0425881EE400973292 /* Sources */,
				7802EC0525881EE400973292 /* Frameworks */,
				7802EC0625881EE400973292 /* Resources */,
			);
			buildRules = (
			);
			dependencies = (
				7802EC0A25881EE400973292 /* PBXTargetDependency */,
			);
			name = SherwoodSwiftUITests;
			productName = SherwoodSwiftUITests;
			productReference = 7802EC0825881EE400973292 /* SherwoodSwiftUITests.xctest */;
			productType = "com.apple.product-type.bundle.unit-test";
		};
		7802EC1225881EE400973292 /* SherwoodSwiftUIUITests */ = {
			isa = PBXNativeTarget;
			buildConfigurationList = 7802EC2225881EE400973292 /* Build configuration list for PBXNativeTarget "SherwoodSwiftUIUITests" */;
			buildPhases = (
				7802EC0F25881EE400973292 /* Sources */,
				7802EC1025881EE400973292 /* Frameworks */,
				7802EC1125881EE400973292 /* Resources */,
			);
			buildRules = (
			);
			dependencies = (
				7802EC1525881EE400973292 /* PBXTargetDependency */,
			);
			name = SherwoodSwiftUIUITests;
			productName = SherwoodSwiftUIUITests;
			productReference = 7802EC1325881EE400973292 /* SherwoodSwiftUIUITests.xctest */;
			productType = "com.apple.product-type.bundle.ui-testing";
		};
/* End PBXNativeTarget section */

/* Begin PBXProject section */
		7802EBEF25881EDE00973292 /* Project object */ = {
			isa = PBXProject;
			attributes = {
				LastSwiftUpdateCheck = 1220;
				LastUpgradeCheck = 1220;
				TargetAttributes = {
					7802EBF625881EDF00973292 = {
						CreatedOnToolsVersion = 12.2;
					};
					7802EC0725881EE400973292 = {
						CreatedOnToolsVersion = 12.2;
						TestTargetID = 7802EBF625881EDF00973292;
					};
					7802EC1225881EE400973292 = {
						CreatedOnToolsVersion = 12.2;
						TestTargetID = 7802EBF625881EDF00973292;
					};
				};
			};
			buildConfigurationList = 7802EBF225881EDE00973292 /* Build configuration list for PBXProject "SherwoodSwiftUI" */;
			compatibilityVersion = "Xcode 9.3";
			developmentRegion = en;
			hasScannedForEncodings = 0;
			knownRegions = (
				en,
				Base,
			);
			mainGroup = 7802EBEE25881EDE00973292;
			packageReferences = (
				786BD1FE258AB4250009BA9E /* XCRemoteSwiftPackageReference "Kingfisher" */,
			);
			productRefGroup = 7802EBF825881EDF00973292 /* Products */;
			projectDirPath = "";
			projectRoot = "";
			targets = (
				7802EBF625881EDF00973292 /* SherwoodSwiftUI */,
				7802EC0725881EE400973292 /* SherwoodSwiftUITests */,
				7802EC1225881EE400973292 /* SherwoodSwiftUIUITests */,
			);
		};
/* End PBXProject section */

/* Begin PBXResourcesBuildPhase section */
		7802EBF525881EDF00973292 /* Resources */ = {
			isa = PBXResourcesBuildPhase;
			buildActionMask = 2147483647;
			files = (
				7802EC0225881EE300973292 /* Preview Assets.xcassets in Resources */,
				7802EBFF25881EE300973292 /* Assets.xcassets in Resources */,
			);
			runOnlyForDeploymentPostprocessing = 0;
		};
		7802EC0625881EE400973292 /* Resources */ = {
			isa = PBXResourcesBuildPhase;
			buildActionMask = 2147483647;
			files = (
			);
			runOnlyForDeploymentPostprocessing = 0;
		};
		7802EC1125881EE400973292 /* Resources */ = {
			isa = PBXResourcesBuildPhase;
			buildActionMask = 2147483647;
			files = (
			);
			runOnlyForDeploymentPostprocessing = 0;
		};
/* End PBXResourcesBuildPhase section */

/* Begin PBXSourcesBuildPhase section */
		7802EBF325881EDF00973292 /* Sources */ = {
			isa = PBXSourcesBuildPhase;
			buildActionMask = 2147483647;
			files = (
				7802EBFD25881EDF00973292 /* HomeView.swift in Sources */,
				7802EBFB25881EDF00973292 /* SherwoodSwiftUIApp.swift in Sources */,
				789E08DA258EA43D005AF770 /* ListingResult.swift in Sources */,
			);
			runOnlyForDeploymentPostprocessing = 0;
		};
		7802EC0425881EE400973292 /* Sources */ = {
			isa = PBXSourcesBuildPhase;
			buildActionMask = 2147483647;
			files = (
				7802EC0D25881EE400973292 /* SherwoodSwiftUITests.swift in Sources */,
			);
			runOnlyForDeploymentPostprocessing = 0;
		};
		7802EC0F25881EE400973292 /* Sources */ = {
			isa = PBXSourcesBuildPhase;
			buildActionMask = 2147483647;
			files = (
				7802EC1825881EE400973292 /* SherwoodSwiftUIUITests.swift in Sources */,
			);
			runOnlyForDeploymentPostprocessing = 0;
		};
/* End PBXSourcesBuildPhase section */

/* Begin PBXTargetDependency section */
		7802EC0A25881EE400973292 /* PBXTargetDependency */ = {
			isa = PBXTargetDependency;
			target = 7802EBF625881EDF00973292 /* SherwoodSwiftUI */;
			targetProxy = 7802EC0925881EE400973292 /* PBXContainerItemProxy */;
		};
		7802EC1525881EE400973292 /* PBXTargetDependency */ = {
			isa = PBXTargetDependency;
			target = 7802EBF625881EDF00973292 /* SherwoodSwiftUI */;
			targetProxy = 7802EC1425881EE400973292 /* PBXContainerItemProxy */;
		};
/* End PBXTargetDependency section */

/* Begin XCBuildConfiguration section */
		7802EC1A25881EE400973292 /* Debug */ = {
			isa = XCBuildConfiguration;
			buildSettings = {
				ALWAYS_SEARCH_USER_PATHS = NO;
				CLANG_ANALYZER_NONNULL = YES;
				CLANG_ANALYZER_NUMBER_OBJECT_CONVERSION = YES_AGGRESSIVE;
				CLANG_CXX_LANGUAGE_STANDARD = "gnu++14";
				CLANG_CXX_LIBRARY = "libc++";
				CLANG_ENABLE_MODULES = YES;
				CLANG_ENABLE_OBJC_ARC = YES;
				CLANG_ENABLE_OBJC_WEAK = YES;
				CLANG_WARN_BLOCK_CAPTURE_AUTORELEASING = YES;
				CLANG_WARN_BOOL_CONVERSION = YES;
				CLANG_WARN_COMMA = YES;
				CLANG_WARN_CONSTANT_CONVERSION = YES;
				CLANG_WARN_DEPRECATED_OBJC_IMPLEMENTATIONS = YES;
				CLANG_WARN_DIRECT_OBJC_ISA_USAGE = YES_ERROR;
				CLANG_WARN_DOCUMENTATION_COMMENTS = YES;
				CLANG_WARN_EMPTY_BODY = YES;
				CLANG_WARN_ENUM_CONVERSION = YES;
				CLANG_WARN_INFINITE_RECURSION = YES;
				CLANG_WARN_INT_CONVERSION = YES;
				CLANG_WARN_NON_LITERAL_NULL_CONVERSION = YES;
				CLANG_WARN_OBJC_IMPLICIT_RETAIN_SELF = YES;
				CLANG_WARN_OBJC_LITERAL_CONVERSION = YES;
				CLANG_WARN_OBJC_ROOT_CLASS = YES_ERROR;
				CLANG_WARN_QUOTED_INCLUDE_IN_FRAMEWORK_HEADER = YES;
				CLANG_WARN_RANGE_LOOP_ANALYSIS = YES;
				CLANG_WARN_STRICT_PROTOTYPES = YES;
				CLANG_WARN_SUSPICIOUS_MOVE = YES;
				CLANG_WARN_UNGUARDED_AVAILABILITY = YES_AGGRESSIVE;
				CLANG_WARN_UNREACHABLE_CODE = YES;
				CLANG_WARN__DUPLICATE_METHOD_MATCH = YES;
				COPY_PHASE_STRIP = NO;
				DEBUG_INFORMATION_FORMAT = dwarf;
				ENABLE_STRICT_OBJC_MSGSEND = YES;
				ENABLE_TESTABILITY = YES;
				GCC_C_LANGUAGE_STANDARD = gnu11;
				GCC_DYNAMIC_NO_PIC = NO;
				GCC_NO_COMMON_BLOCKS = YES;
				GCC_OPTIMIZATION_LEVEL = 0;
				GCC_PREPROCESSOR_DEFINITIONS = (
					"DEBUG=1",
					"$(inherited)",
				);
				GCC_WARN_64_TO_32_BIT_CONVERSION = YES;
				GCC_WARN_ABOUT_RETURN_TYPE = YES_ERROR;
				GCC_WARN_UNDECLARED_SELECTOR = YES;
				GCC_WARN_UNINITIALIZED_AUTOS = YES_AGGRESSIVE;
				GCC_WARN_UNUSED_FUNCTION = YES;
				GCC_WARN_UNUSED_VARIABLE = YES;
				IPHONEOS_DEPLOYMENT_TARGET = 14.2;
				MTL_ENABLE_DEBUG_INFO = INCLUDE_SOURCE;
				MTL_FAST_MATH = YES;
				ONLY_ACTIVE_ARCH = YES;
				SDKROOT = iphoneos;
				SWIFT_ACTIVE_COMPILATION_CONDITIONS = DEBUG;
				SWIFT_OPTIMIZATION_LEVEL = "-Onone";
			};
			name = Debug;
		};
		7802EC1B25881EE400973292 /* Release */ = {
			isa = XCBuildConfiguration;
			buildSettings = {
				ALWAYS_SEARCH_USER_PATHS = NO;
				CLANG_ANALYZER_NONNULL = YES;
				CLANG_ANALYZER_NUMBER_OBJECT_CONVERSION = YES_AGGRESSIVE;
				CLANG_CXX_LANGUAGE_STANDARD = "gnu++14";
				CLANG_CXX_LIBRARY = "libc++";
				CLANG_ENABLE_MODULES = YES;
				CLANG_ENABLE_OBJC_ARC = YES;
				CLANG_ENABLE_OBJC_WEAK = YES;
				CLANG_WARN_BLOCK_CAPTURE_AUTORELEASING = YES;
				CLANG_WARN_BOOL_CONVERSION = YES;
				CLANG_WARN_COMMA = YES;
				CLANG_WARN_CONSTANT_CONVERSION = YES;
				CLANG_WARN_DEPRECATED_OBJC_IMPLEMENTATIONS = YES;
				CLANG_WARN_DIRECT_OBJC_ISA_USAGE = YES_ERROR;
				CLANG_WARN_DOCUMENTATION_COMMENTS = YES;
				CLANG_WARN_EMPTY_BODY = YES;
				CLANG_WARN_ENUM_CONVERSION = YES;
				CLANG_WARN_INFINITE_RECURSION = YES;
				CLANG_WARN_INT_CONVERSION = YES;
				CLANG_WARN_NON_LITERAL_NULL_CONVERSION = YES;
				CLANG_WARN_OBJC_IMPLICIT_RETAIN_SELF = YES;
				CLANG_WARN_OBJC_LITERAL_CONVERSION = YES;
				CLANG_WARN_OBJC_ROOT_CLASS = YES_ERROR;
				CLANG_WARN_QUOTED_INCLUDE_IN_FRAMEWORK_HEADER = YES;
				CLANG_WARN_RANGE_LOOP_ANALYSIS = YES;
				CLANG_WARN_STRICT_PROTOTYPES = YES;
				CLANG_WARN_SUSPICIOUS_MOVE = YES;
				CLANG_WARN_UNGUARDED_AVAILABILITY = YES_AGGRESSIVE;
				CLANG_WARN_UNREACHABLE_CODE = YES;
				CLANG_WARN__DUPLICATE_METHOD_MATCH = YES;
				COPY_PHASE_STRIP = NO;
				DEBUG_INFORMATION_FORMAT = "dwarf-with-dsym";
				ENABLE_NS_ASSERTIONS = NO;
				ENABLE_STRICT_OBJC_MSGSEND = YES;
				GCC_C_LANGUAGE_STANDARD = gnu11;
				GCC_NO_COMMON_BLOCKS = YES;
				GCC_WARN_64_TO_32_BIT_CONVERSION = YES;
				GCC_WARN_ABOUT_RETURN_TYPE = YES_ERROR;
				GCC_WARN_UNDECLARED_SELECTOR = YES;
				GCC_WARN_UNINITIALIZED_AUTOS = YES_AGGRESSIVE;
				GCC_WARN_UNUSED_FUNCTION = YES;
				GCC_WARN_UNUSED_VARIABLE = YES;
				IPHONEOS_DEPLOYMENT_TARGET = 14.2;
				MTL_ENABLE_DEBUG_INFO = NO;
				MTL_FAST_MATH = YES;
				SDKROOT = iphoneos;
				SWIFT_COMPILATION_MODE = wholemodule;
				SWIFT_OPTIMIZATION_LEVEL = "-O";
				VALIDATE_PRODUCT = YES;
			};
			name = Release;
		};
		7802EC1D25881EE400973292 /* Debug */ = {
			isa = XCBuildConfiguration;
			buildSettings = {
				ASSETCATALOG_COMPILER_APPICON_NAME = AppIcon;
				ASSETCATALOG_COMPILER_GLOBAL_ACCENT_COLOR_NAME = AccentColor;
				CODE_SIGN_STYLE = Automatic;
				DEVELOPMENT_ASSET_PATHS = "\"SherwoodSwiftUI/Preview Content\"";
				DEVELOPMENT_TEAM = LR4SP9C264;
				ENABLE_PREVIEWS = YES;
				INFOPLIST_FILE = SherwoodSwiftUI/Info.plist;
				IPHONEOS_DEPLOYMENT_TARGET = 14.0;
				LD_RUNPATH_SEARCH_PATHS = (
					"$(inherited)",
					"@executable_path/Frameworks",
				);
				PRODUCT_BUNDLE_IDENTIFIER = com.artisanbranding.SherwoodSwiftUI;
				PRODUCT_NAME = "$(TARGET_NAME)";
				SWIFT_VERSION = 5.0;
				TARGETED_DEVICE_FAMILY = "1,2";
			};
			name = Debug;
		};
		7802EC1E25881EE400973292 /* Release */ = {
			isa = XCBuildConfiguration;
			buildSettings = {
				ASSETCATALOG_COMPILER_APPICON_NAME = AppIcon;
				ASSETCATALOG_COMPILER_GLOBAL_ACCENT_COLOR_NAME = AccentColor;
				CODE_SIGN_STYLE = Automatic;
				DEVELOPMENT_ASSET_PATHS = "\"SherwoodSwiftUI/Preview Content\"";
				DEVELOPMENT_TEAM = LR4SP9C264;
				ENABLE_PREVIEWS = YES;
				INFOPLIST_FILE = SherwoodSwiftUI/Info.plist;
				IPHONEOS_DEPLOYMENT_TARGET = 14.0;
				LD_RUNPATH_SEARCH_PATHS = (
					"$(inherited)",
					"@executable_path/Frameworks",
				);
				PRODUCT_BUNDLE_IDENTIFIER = com.artisanbranding.SherwoodSwiftUI;
				PRODUCT_NAME = "$(TARGET_NAME)";
				SWIFT_VERSION = 5.0;
				TARGETED_DEVICE_FAMILY = "1,2";
			};
			name = Release;
		};
		7802EC2025881EE400973292 /* Debug */ = {
			isa = XCBuildConfiguration;
			buildSettings = {
				ALWAYS_EMBED_SWIFT_STANDARD_LIBRARIES = YES;
				BUNDLE_LOADER = "$(TEST_HOST)";
				CODE_SIGN_STYLE = Automatic;
				DEVELOPMENT_TEAM = LR4SP9C264;
				INFOPLIST_FILE = SherwoodSwiftUITests/Info.plist;
				IPHONEOS_DEPLOYMENT_TARGET = 14.0;
				LD_RUNPATH_SEARCH_PATHS = (
					"$(inherited)",
					"@executable_path/Frameworks",
					"@loader_path/Frameworks",
				);
				PRODUCT_BUNDLE_IDENTIFIER = com.artisanbranding.SherwoodSwiftUITests;
				PRODUCT_NAME = "$(TARGET_NAME)";
				SWIFT_VERSION = 5.0;
				TARGETED_DEVICE_FAMILY = "1,2";
				TEST_HOST = "$(BUILT_PRODUCTS_DIR)/SherwoodSwiftUI.app/SherwoodSwiftUI";
			};
			name = Debug;
		};
		7802EC2125881EE400973292 /* Release */ = {
			isa = XCBuildConfiguration;
			buildSettings = {
				ALWAYS_EMBED_SWIFT_STANDARD_LIBRARIES = YES;
				BUNDLE_LOADER = "$(TEST_HOST)";
				CODE_SIGN_STYLE = Automatic;
				DEVELOPMENT_TEAM = LR4SP9C264;
				INFOPLIST_FILE = SherwoodSwiftUITests/Info.plist;
				IPHONEOS_DEPLOYMENT_TARGET = 14.0;
				LD_RUNPATH_SEARCH_PATHS = (
					"$(inherited)",
					"@executable_path/Frameworks",
					"@loader_path/Frameworks",
				);
				PRODUCT_BUNDLE_IDENTIFIER = com.artisanbranding.SherwoodSwiftUITests;
				PRODUCT_NAME = "$(TARGET_NAME)";
				SWIFT_VERSION = 5.0;
				TARGETED_DEVICE_FAMILY = "1,2";
				TEST_HOST = "$(BUILT_PRODUCTS_DIR)/SherwoodSwiftUI.app/SherwoodSwiftUI";
			};
			name = Release;
		};
		7802EC2325881EE400973292 /* Debug */ = {
			isa = XCBuildConfiguration;
			buildSettings = {
				ALWAYS_EMBED_SWIFT_STANDARD_LIBRARIES = YES;
				CODE_SIGN_STYLE = Automatic;
				DEVELOPMENT_TEAM = LR4SP9C264;
				INFOPLIST_FILE = SherwoodSwiftUIUITests/Info.plist;
				LD_RUNPATH_SEARCH_PATHS = (
					"$(inherited)",
					"@executable_path/Frameworks",
					"@loader_path/Frameworks",
				);
				PRODUCT_BUNDLE_IDENTIFIER = com.artisanbranding.SherwoodSwiftUIUITests;
				PRODUCT_NAME = "$(TARGET_NAME)";
				SWIFT_VERSION = 5.0;
				TARGETED_DEVICE_FAMILY = "1,2";
				TEST_TARGET_NAME = SherwoodSwiftUI;
			};
			name = Debug;
		};
		7802EC2425881EE400973292 /* Release */ = {
			isa = XCBuildConfiguration;
			buildSettings = {
				ALWAYS_EMBED_SWIFT_STANDARD_LIBRARIES = YES;
				CODE_SIGN_STYLE = Automatic;
				DEVELOPMENT_TEAM = LR4SP9C264;
				INFOPLIST_FILE = SherwoodSwiftUIUITests/Info.plist;
				LD_RUNPATH_SEARCH_PATHS = (
					"$(inherited)",
					"@executable_path/Frameworks",
					"@loader_path/Frameworks",
				);
				PRODUCT_BUNDLE_IDENTIFIER = com.artisanbranding.SherwoodSwiftUIUITests;
				PRODUCT_NAME = "$(TARGET_NAME)";
				SWIFT_VERSION = 5.0;
				TARGETED_DEVICE_FAMILY = "1,2";
				TEST_TARGET_NAME = SherwoodSwiftUI;
			};
			name = Release;
		};
/* End XCBuildConfiguration section */

/* Begin XCConfigurationList section */
		7802EBF225881EDE00973292 /* Build configuration list for PBXProject "SherwoodSwiftUI" */ = {
			isa = XCConfigurationList;
			buildConfigurations = (
				7802EC1A25881EE400973292 /* Debug */,
				7802EC1B25881EE400973292 /* Release */,
			);
			defaultConfigurationIsVisible = 0;
			defaultConfigurationName = Release;
		};
		7802EC1C25881EE400973292 /* Build configuration list for PBXNativeTarget "SherwoodSwiftUI" */ = {
			isa = XCConfigurationList;
			buildConfigurations = (
				7802EC1D25881EE400973292 /* Debug */,
				7802EC1E25881EE400973292 /* Release */,
			);
			defaultConfigurationIsVisible = 0;
			defaultConfigurationName = Release;
		};
		7802EC1F25881EE400973292 /* Build configuration list for PBXNativeTarget "SherwoodSwiftUITests" */ = {
			isa = XCConfigurationList;
			buildConfigurations = (
				7802EC2025881EE400973292 /* Debug */,
				7802EC2125881EE400973292 /* Release */,
			);
			defaultConfigurationIsVisible = 0;
			defaultConfigurationName = Release;
		};
		7802EC2225881EE400973292 /* Build configuration list for PBXNativeTarget "SherwoodSwiftUIUITests" */ = {
			isa = XCConfigurationList;
			buildConfigurations = (
				7802EC2325881EE400973292 /* Debug */,
				7802EC2425881EE400973292 /* Release */,
			);
			defaultConfigurationIsVisible = 0;
			defaultConfigurationName = Release;
		};
/* End XCConfigurationList section */

/* Begin XCRemoteSwiftPackageReference section */
		786BD1FE258AB4250009BA9E /* XCRemoteSwiftPackageReference "Kingfisher" */ = {
			isa = XCRemoteSwiftPackageReference;
			repositoryURL = "https://github.com/onevcat/Kingfisher";
			requirement = {
				kind = upToNextMajorVersion;
				minimumVersion = 5.15.8;
			};
		};
/* End XCRemoteSwiftPackageReference section */

/* Begin XCSwiftPackageProductDependency section */
		786BD1FF258AB4250009BA9E /* KingfisherSwiftUI */ = {
			isa = XCSwiftPackageProductDependency;
			package = 786BD1FE258AB4250009BA9E /* XCRemoteSwiftPackageReference "Kingfisher" */;
			productName = KingfisherSwiftUI;
		};
/* End XCSwiftPackageProductDependency section */
	};
	rootObject = 7802EBEF25881EDE00973292 /* Project object */;
}
